
Microsoft Visual Studio Solution File, Format Version 12.00
# Visual Studio Version 17
VisualStudioVersion = 17.2.32516.85
MinimumVisualStudioVersion = 10.0.40219.1
Project("{9A19103F-16F7-4668-BE54-9A1E7A4F7556}") = "Cistern.SpanStream", "Cistern.SpanStream\Cistern.SpanStream.csproj", "{3D126998-9902-46A4-9C82-C33F5C31287A}"
EndProject
Project("{FAE04EC0-301F-11D3-BF4B-00C04F79EFBC}") = "Benchmarks", "Benchmarks\Benchmarks.csproj", "{ECA5F819-2A0D-47A3-B512-91488DE2B4E3}"
EndProject
Global
	GlobalSection(SolutionConfigurationPlatforms) = preSolution
		Debug|Any CPU = Debug|Any CPU
		Release|Any CPU = Release|Any CPU
	EndGlobalSection
	GlobalSection(ProjectConfigurationPlatforms) = postSolution
		{3D126998-9902-46A4-9C82-C33F5C31287A}.Debug|Any CPU.ActiveCfg = Debug|Any CPU
		{3D126998-9902-46A4-9C82-C33F5C31287A}.Debug|Any CPU.Build.0 = Debug|Any CPU
		{3D126998-9902-46A4-9C82-C33F5C31287A}.Release|Any CPU.ActiveCfg = Release|Any CPU
		{3D126998-9902-46A4-9C82-C33F5C31287A}.Release|Any CPU.Build.0 = Release|Any CPU
		{ECA5F819-2A0D-47A3-B512-91488DE2B4E3}.Debug|Any CPU.ActiveCfg = Debug|Any CPU
		{ECA5F819-2A0D-47A3-B512-91488DE2B4E3}.Debug|Any CPU.Build.0 = Debug|Any CPU
		{ECA5F819-2A0D-47A3-B512-91488DE2B4E3}.Release|Any CPU.ActiveCfg = Release|Any CPU
		{ECA5F819-2A0D-47A3-B512-91488DE2B4E3}.Release|Any CPU.Build.0 = Release|Any CPU
	EndGlobalSection
	GlobalSection(SolutionProperties) = preSolution
		HideSolutionNode = FALSE
	EndGlobalSection
	GlobalSection(ExtensibilityGlobals) = postSolution
		SolutionGuid = {536131BB-A196-4840-B2E1-6288D8643D0D}
	EndGlobalSection
EndGlobal
